// !$*UTF8*$!
{
	archiveVersion = 1;
	classes = {
	};
	objectVersion = 55;
	objects = {

/* Begin PBXBuildFile section */
		100F9BC7288415AD00A6126F /* IntroSUIApp.swift in Sources */ = {isa = PBXBuildFile; fileRef = 100F9BC6288415AD00A6126F /* IntroSUIApp.swift */; };
		100F9BC9288415AD00A6126F /* ContentView.swift in Sources */ = {isa = PBXBuildFile; fileRef = 100F9BC8288415AD00A6126F /* ContentView.swift */; };
		100F9BCB288415B000A6126F /* Assets.xcassets in Resources */ = {isa = PBXBuildFile; fileRef = 100F9BCA288415B000A6126F /* Assets.xcassets */; };
		100F9BCE288415B000A6126F /* Preview Assets.xcassets in Resources */ = {isa = PBXBuildFile; fileRef = 100F9BCD288415B000A6126F /* Preview Assets.xcassets */; };
		1012F23928AD1FB3003D1B01 /* ForEachPrint.swift in Sources */ = {isa = PBXBuildFile; fileRef = 1012F23828AD1FB3003D1B01 /* ForEachPrint.swift */; };
		1012F23B28AD2BE9003D1B01 /* ScrollViews.swift in Sources */ = {isa = PBXBuildFile; fileRef = 1012F23A28AD2BE9003D1B01 /* ScrollViews.swift */; };
		10177B5728CDB5070051FCA9 /* Sheets.swift in Sources */ = {isa = PBXBuildFile; fileRef = 10177B5628CDB5070051FCA9 /* Sheets.swift */; };
		10177B5928CDC8CA0051FCA9 /* PopOver.swift in Sources */ = {isa = PBXBuildFile; fileRef = 10177B5828CDC8CA0051FCA9 /* PopOver.swift */; };
		10177B5B28CE00230051FCA9 /* NavigationViews.swift in Sources */ = {isa = PBXBuildFile; fileRef = 10177B5A28CE00230051FCA9 /* NavigationViews.swift */; };
		101A8C5E28B4CFA300687059 /* ExtractFunctions.swift in Sources */ = {isa = PBXBuildFile; fileRef = 101A8C5D28B4CFA300687059 /* ExtractFunctions.swift */; };
		101A8C6228B4E21000687059 /* ExtractSubViews.swift in Sources */ = {isa = PBXBuildFile; fileRef = 101A8C6128B4E21000687059 /* ExtractSubViews.swift */; };
		101A911728AB8929002287BA /* PaddingAndSpacer.swift in Sources */ = {isa = PBXBuildFile; fileRef = 101A911628AB8929002287BA /* PaddingAndSpacer.swift */; };
		101A911928AB9A66002287BA /* Spacersss.swift in Sources */ = {isa = PBXBuildFile; fileRef = 101A911828AB9A66002287BA /* Spacersss.swift */; };
		101A911B28ABDEF7002287BA /* Initializer.swift in Sources */ = {isa = PBXBuildFile; fileRef = 101A911A28ABDEF7002287BA /* Initializer.swift */; };
		101B9F1F28ED797400AFEB71 /* Documentations.swift in Sources */ = {isa = PBXBuildFile; fileRef = 101B9F1E28ED797400AFEB71 /* Documentations.swift */; };
		101E407528A7C83900DEB8C6 /* Frames.swift in Sources */ = {isa = PBXBuildFile; fileRef = 101E407428A7C83900DEB8C6 /* Frames.swift */; };
		1023E70528B3B4B800FF3B46 /* Buttons.swift in Sources */ = {isa = PBXBuildFile; fileRef = 1023E70428B3B4B800FF3B46 /* Buttons.swift */; };
		1023E70728B3D1A300FF3B46 /* States.swift in Sources */ = {isa = PBXBuildFile; fileRef = 1023E70628B3D1A300FF3B46 /* States.swift */; };
		1028437128E98492000435CE /* Sliders.swift in Sources */ = {isa = PBXBuildFile; fileRef = 1028437028E98492000435CE /* Sliders.swift */; };
		1028437328E99C83000435CE /* TabViews.swift in Sources */ = {isa = PBXBuildFile; fileRef = 1028437228E99C83000435CE /* TabViews.swift */; };
		10487FCD28DAFB9300F85279 /* ActionSheets.swift in Sources */ = {isa = PBXBuildFile; fileRef = 10487FCC28DAFB9300F85279 /* ActionSheets.swift */; };
		10487FCF28DB272F00F85279 /* ContextMenus.swift in Sources */ = {isa = PBXBuildFile; fileRef = 10487FCE28DB272F00F85279 /* ContextMenus.swift */; };
		1055135728D9C4E8000F8F7A /* Lists.swift in Sources */ = {isa = PBXBuildFile; fileRef = 1055135628D9C4E8000F8F7A /* Lists.swift */; };
		1055135928DA0189000F8F7A /* Alerts.swift in Sources */ = {isa = PBXBuildFile; fileRef = 1055135828DA0189000F8F7A /* Alerts.swift */; };
		1078702728E4396C001B03B3 /* TextEditors.swift in Sources */ = {isa = PBXBuildFile; fileRef = 1078702628E4396C001B03B3 /* TextEditors.swift */; };
		1078702928E4466C001B03B3 /* Toggles.swift in Sources */ = {isa = PBXBuildFile; fileRef = 1078702828E4466C001B03B3 /* Toggles.swift */; };
		1078702B28E45FD4001B03B3 /* Pickers.swift in Sources */ = {isa = PBXBuildFile; fileRef = 1078702A28E45FD4001B03B3 /* Pickers.swift */; };
		1078702D28E46B58001B03B3 /* ColorPickers.swift in Sources */ = {isa = PBXBuildFile; fileRef = 1078702C28E46B58001B03B3 /* ColorPickers.swift */; };
		107C52E128B22FCE00228F7C /* SafeAreas.swift in Sources */ = {isa = PBXBuildFile; fileRef = 107C52E028B22FCE00228F7C /* SafeAreas.swift */; };
		107E59FE291789B700F9B4D9 /* EnvironmentObjects.swift in Sources */ = {isa = PBXBuildFile; fileRef = 107E59FD291789B700F9B4D9 /* EnvironmentObjects.swift */; };
		107E5A002917A9CA00F9B4D9 /* AppStorage.swift in Sources */ = {isa = PBXBuildFile; fileRef = 107E59FF2917A9CA00F9B4D9 /* AppStorage.swift */; };
		108CED6728B7CBDA0019B63A /* Bindings.swift in Sources */ = {isa = PBXBuildFile; fileRef = 108CED6628B7CBDA0019B63A /* Bindings.swift */; };
		108F99C828AE55B3004481D5 /* Grids.swift in Sources */ = {isa = PBXBuildFile; fileRef = 108F99C728AE55B3004481D5 /* Grids.swift */; };
		10908EC328AA432D002E71C7 /* Stacks.swift in Sources */ = {isa = PBXBuildFile; fileRef = 10908EC228AA432D002E71C7 /* Stacks.swift */; };
		1099AB4728A1064700886DF4 /* Colors.swift in Sources */ = {isa = PBXBuildFile; fileRef = 1099AB4628A1064700886DF4 /* Colors.swift */; };
		109AD356290E88BB003E6520 /* Tapgestures.swift in Sources */ = {isa = PBXBuildFile; fileRef = 109AD355290E88BB003E6520 /* Tapgestures.swift */; };
		109AD358290E9393003E6520 /* Models.swift in Sources */ = {isa = PBXBuildFile; fileRef = 109AD357290E9393003E6520 /* Models.swift */; };
		109D2FEF28A253CE0008F1F1 /* Gradiants.swift in Sources */ = {isa = PBXBuildFile; fileRef = 109D2FEE28A253CE0008F1F1 /* Gradiants.swift */; };
		109D2FF128A2600E0008F1F1 /* Icons.swift in Sources */ = {isa = PBXBuildFile; fileRef = 109D2FF028A2600E0008F1F1 /* Icons.swift */; };
		109D2FF328A26D200008F1F1 /* Imagess.swift in Sources */ = {isa = PBXBuildFile; fileRef = 109D2FF228A26D200008F1F1 /* Imagess.swift */; };
		10A207C628A8F56C00B71536 /* BackgroundAndOverley.swift in Sources */ = {isa = PBXBuildFile; fileRef = 10A207C528A8F56C00B71536 /* BackgroundAndOverley.swift */; };
		10A3E23E28C47F2C00A372CB /* AnimationTiming.swift in Sources */ = {isa = PBXBuildFile; fileRef = 10A3E23D28C47F2C00A372CB /* AnimationTiming.swift */; };
		10A3E24028C4926F00A372CB /* Transitions.swift in Sources */ = {isa = PBXBuildFile; fileRef = 10A3E23F28C4926F00A372CB /* Transitions.swift */; };
		10A493EE28E3047100E975C0 /* TextFields.swift in Sources */ = {isa = PBXBuildFile; fileRef = 10A493ED28E3047100E975C0 /* TextFields.swift */; };
		10D00882291273DC00F05FD9 /* ViewModel.swift in Sources */ = {isa = PBXBuildFile; fileRef = 10D00881291273DC00F05FD9 /* ViewModel.swift */; };
		10EA6BB128BB722A0051D98F /* Conditions.swift in Sources */ = {isa = PBXBuildFile; fileRef = 10EA6BB028BB722A0051D98F /* Conditions.swift */; };
		10ED7AD2289933F200096234 /* SwiftUIView.swift in Sources */ = {isa = PBXBuildFile; fileRef = 10ED7AD1289933F200096234 /* SwiftUIView.swift */; };
		10ED7AD42899488900096234 /* Shapes.swift in Sources */ = {isa = PBXBuildFile; fileRef = 10ED7AD32899488900096234 /* Shapes.swift */; };
		10FDCC4128E59DAF00F37DE7 /* DatePickers.swift in Sources */ = {isa = PBXBuildFile; fileRef = 10FDCC4028E59DAF00F37DE7 /* DatePickers.swift */; };
		10FDCC4328E5AF1400F37DE7 /* Steppers.swift in Sources */ = {isa = PBXBuildFile; fileRef = 10FDCC4228E5AF1400F37DE7 /* Steppers.swift */; };
/* End PBXBuildFile section */

/* Begin PBXFileReference section */
		100F9BC3288415AD00A6126F /* IntroSUI.app */ = {isa = PBXFileReference; explicitFileType = wrapper.application; includeInIndex = 0; path = IntroSUI.app; sourceTree = BUILT_PRODUCTS_DIR; };
		100F9BC6288415AD00A6126F /* IntroSUIApp.swift */ = {isa = PBXFileReference; lastKnownFileType = sourcecode.swift; path = IntroSUIApp.swift; sourceTree = "<group>"; };
		100F9BC8288415AD00A6126F /* ContentView.swift */ = {isa = PBXFileReference; lastKnownFileType = sourcecode.swift; path = ContentView.swift; sourceTree = "<group>"; };
		100F9BCA288415B000A6126F /* Assets.xcassets */ = {isa = PBXFileReference; lastKnownFileType = folder.assetcatalog; path = Assets.xcassets; sourceTree = "<group>"; };
		100F9BCD288415B000A6126F /* Preview Assets.xcassets */ = {isa = PBXFileReference; lastKnownFileType = folder.assetcatalog; path = "Preview Assets.xcassets"; sourceTree = "<group>"; };
		1012F23828AD1FB3003D1B01 /* ForEachPrint.swift */ = {isa = PBXFileReference; lastKnownFileType = sourcecode.swift; path = ForEachPrint.swift; sourceTree = "<group>"; };
		1012F23A28AD2BE9003D1B01 /* ScrollViews.swift */ = {isa = PBXFileReference; lastKnownFileType = sourcecode.swift; path = ScrollViews.swift; sourceTree = "<group>"; };
		10177B5628CDB5070051FCA9 /* Sheets.swift */ = {isa = PBXFileReference; lastKnownFileType = sourcecode.swift; path = Sheets.swift; sourceTree = "<group>"; };
		10177B5828CDC8CA0051FCA9 /* PopOver.swift */ = {isa = PBXFileReference; lastKnownFileType = sourcecode.swift; path = PopOver.swift; sourceTree = "<group>"; };
		10177B5A28CE00230051FCA9 /* NavigationViews.swift */ = {isa = PBXFileReference; lastKnownFileType = sourcecode.swift; path = NavigationViews.swift; sourceTree = "<group>"; };
		101A8C5D28B4CFA300687059 /* ExtractFunctions.swift */ = {isa = PBXFileReference; lastKnownFileType = sourcecode.swift; path = ExtractFunctions.swift; sourceTree = "<group>"; };
		101A8C6128B4E21000687059 /* ExtractSubViews.swift */ = {isa = PBXFileReference; lastKnownFileType = sourcecode.swift; path = ExtractSubViews.swift; sourceTree = "<group>"; };
		101A911628AB8929002287BA /* PaddingAndSpacer.swift */ = {isa = PBXFileReference; lastKnownFileType = sourcecode.swift; path = PaddingAndSpacer.swift; sourceTree = "<group>"; };
		101A911828AB9A66002287BA /* Spacersss.swift */ = {isa = PBXFileReference; lastKnownFileType = sourcecode.swift; path = Spacersss.swift; sourceTree = "<group>"; };
		101A911A28ABDEF7002287BA /* Initializer.swift */ = {isa = PBXFileReference; lastKnownFileType = sourcecode.swift; path = Initializer.swift; sourceTree = "<group>"; };
		101B9F1E28ED797400AFEB71 /* Documentations.swift */ = {isa = PBXFileReference; lastKnownFileType = sourcecode.swift; path = Documentations.swift; sourceTree = "<group>"; };
		101E407428A7C83900DEB8C6 /* Frames.swift */ = {isa = PBXFileReference; lastKnownFileType = sourcecode.swift; path = Frames.swift; sourceTree = "<group>"; };
		1023E70428B3B4B800FF3B46 /* Buttons.swift */ = {isa = PBXFileReference; lastKnownFileType = sourcecode.swift; path = Buttons.swift; sourceTree = "<group>"; };
		1023E70628B3D1A300FF3B46 /* States.swift */ = {isa = PBXFileReference; lastKnownFileType = sourcecode.swift; path = States.swift; sourceTree = "<group>"; };
		1028437028E98492000435CE /* Sliders.swift */ = {isa = PBXFileReference; lastKnownFileType = sourcecode.swift; path = Sliders.swift; sourceTree = "<group>"; };
		1028437228E99C83000435CE /* TabViews.swift */ = {isa = PBXFileReference; lastKnownFileType = sourcecode.swift; path = TabViews.swift; sourceTree = "<group>"; };
		10487FCC28DAFB9300F85279 /* ActionSheets.swift */ = {isa = PBXFileReference; lastKnownFileType = sourcecode.swift; path = ActionSheets.swift; sourceTree = "<group>"; };
		10487FCE28DB272F00F85279 /* ContextMenus.swift */ = {isa = PBXFileReference; lastKnownFileType = sourcecode.swift; path = ContextMenus.swift; sourceTree = "<group>"; };
		1055135628D9C4E8000F8F7A /* Lists.swift */ = {isa = PBXFileReference; lastKnownFileType = sourcecode.swift; path = Lists.swift; sourceTree = "<group>"; };
		1055135828DA0189000F8F7A /* Alerts.swift */ = {isa = PBXFileReference; lastKnownFileType = sourcecode.swift; path = Alerts.swift; sourceTree = "<group>"; };
		1078702628E4396C001B03B3 /* TextEditors.swift */ = {isa = PBXFileReference; lastKnownFileType = sourcecode.swift; path = TextEditors.swift; sourceTree = "<group>"; };
		1078702828E4466C001B03B3 /* Toggles.swift */ = {isa = PBXFileReference; lastKnownFileType = sourcecode.swift; path = Toggles.swift; sourceTree = "<group>"; };
		1078702A28E45FD4001B03B3 /* Pickers.swift */ = {isa = PBXFileReference; lastKnownFileType = sourcecode.swift; path = Pickers.swift; sourceTree = "<group>"; };
		1078702C28E46B58001B03B3 /* ColorPickers.swift */ = {isa = PBXFileReference; lastKnownFileType = sourcecode.swift; path = ColorPickers.swift; sourceTree = "<group>"; };
		107C52E028B22FCE00228F7C /* SafeAreas.swift */ = {isa = PBXFileReference; lastKnownFileType = sourcecode.swift; path = SafeAreas.swift; sourceTree = "<group>"; };
		107E59FD291789B700F9B4D9 /* EnvironmentObjects.swift */ = {isa = PBXFileReference; lastKnownFileType = sourcecode.swift; path = EnvironmentObjects.swift; sourceTree = "<group>"; };
		107E59FF2917A9CA00F9B4D9 /* AppStorage.swift */ = {isa = PBXFileReference; lastKnownFileType = sourcecode.swift; path = AppStorage.swift; sourceTree = "<group>"; };
		108CED6628B7CBDA0019B63A /* Bindings.swift */ = {isa = PBXFileReference; lastKnownFileType = sourcecode.swift; path = Bindings.swift; sourceTree = "<group>"; };
		108F99C728AE55B3004481D5 /* Grids.swift */ = {isa = PBXFileReference; lastKnownFileType = sourcecode.swift; path = Grids.swift; sourceTree = "<group>"; };
		10908EC228AA432D002E71C7 /* Stacks.swift */ = {isa = PBXFileReference; lastKnownFileType = sourcecode.swift; path = Stacks.swift; sourceTree = "<group>"; };
		1099AB4628A1064700886DF4 /* Colors.swift */ = {isa = PBXFileReference; lastKnownFileType = sourcecode.swift; path = Colors.swift; sourceTree = "<group>"; };
		109AD355290E88BB003E6520 /* Tapgestures.swift */ = {isa = PBXFileReference; lastKnownFileType = sourcecode.swift; path = Tapgestures.swift; sourceTree = "<group>"; };
		109AD357290E9393003E6520 /* Models.swift */ = {isa = PBXFileReference; lastKnownFileType = sourcecode.swift; path = Models.swift; sourceTree = "<group>"; };
		109D2FEE28A253CE0008F1F1 /* Gradiants.swift */ = {isa = PBXFileReference; lastKnownFileType = sourcecode.swift; path = Gradiants.swift; sourceTree = "<group>"; };
		109D2FF028A2600E0008F1F1 /* Icons.swift */ = {isa = PBXFileReference; lastKnownFileType = sourcecode.swift; path = Icons.swift; sourceTree = "<group>"; };
		109D2FF228A26D200008F1F1 /* Imagess.swift */ = {isa = PBXFileReference; lastKnownFileType = sourcecode.swift; path = Imagess.swift; sourceTree = "<group>"; };
		10A207C528A8F56C00B71536 /* BackgroundAndOverley.swift */ = {isa = PBXFileReference; lastKnownFileType = sourcecode.swift; path = BackgroundAndOverley.swift; sourceTree = "<group>"; };
		10A3E23D28C47F2C00A372CB /* AnimationTiming.swift */ = {isa = PBXFileReference; lastKnownFileType = sourcecode.swift; path = AnimationTiming.swift; sourceTree = "<group>"; };
		10A3E23F28C4926F00A372CB /* Transitions.swift */ = {isa = PBXFileReference; lastKnownFileType = sourcecode.swift; path = Transitions.swift; sourceTree = "<group>"; };
		10A493ED28E3047100E975C0 /* TextFields.swift */ = {isa = PBXFileReference; lastKnownFileType = sourcecode.swift; path = TextFields.swift; sourceTree = "<group>"; };
		10D00881291273DC00F05FD9 /* ViewModel.swift */ = {isa = PBXFileReference; lastKnownFileType = sourcecode.swift; path = ViewModel.swift; sourceTree = "<group>"; };
		10EA6BB028BB722A0051D98F /* Conditions.swift */ = {isa = PBXFileReference; lastKnownFileType = sourcecode.swift; path = Conditions.swift; sourceTree = "<group>"; };
		10ED7AD1289933F200096234 /* SwiftUIView.swift */ = {isa = PBXFileReference; lastKnownFileType = sourcecode.swift; path = SwiftUIView.swift; sourceTree = "<group>"; };
		10ED7AD32899488900096234 /* Shapes.swift */ = {isa = PBXFileReference; lastKnownFileType = sourcecode.swift; path = Shapes.swift; sourceTree = "<group>"; };
		10FDCC4028E59DAF00F37DE7 /* DatePickers.swift */ = {isa = PBXFileReference; lastKnownFileType = sourcecode.swift; path = DatePickers.swift; sourceTree = "<group>"; };
		10FDCC4228E5AF1400F37DE7 /* Steppers.swift */ = {isa = PBXFileReference; lastKnownFileType = sourcecode.swift; path = Steppers.swift; sourceTree = "<group>"; };
/* End PBXFileReference section */

/* Begin PBXFrameworksBuildPhase section */
		100F9BC0288415AD00A6126F /* Frameworks */ = {
			isa = PBXFrameworksBuildPhase;
			buildActionMask = 2147483647;
			files = (
			);
			runOnlyForDeploymentPostprocessing = 0;
		};
/* End PBXFrameworksBuildPhase section */

/* Begin PBXGroup section */
		100F9BBA288415AC00A6126F = {
			isa = PBXGroup;
			children = (
				100F9BC5288415AD00A6126F /* IntroSUI */,
				100F9BC4288415AD00A6126F /* Products */,
			);
			sourceTree = "<group>";
		};
		100F9BC4288415AD00A6126F /* Products */ = {
			isa = PBXGroup;
			children = (
				100F9BC3288415AD00A6126F /* IntroSUI.app */,
			);
			name = Products;
			sourceTree = "<group>";
		};
		100F9BC5288415AD00A6126F /* IntroSUI */ = {
			isa = PBXGroup;
			children = (
				100F9BC6288415AD00A6126F /* IntroSUIApp.swift */,
				100F9BC8288415AD00A6126F /* ContentView.swift */,
				10ED7AD1289933F200096234 /* SwiftUIView.swift */,
				10ED7AD32899488900096234 /* Shapes.swift */,
				1099AB4628A1064700886DF4 /* Colors.swift */,
				109D2FEE28A253CE0008F1F1 /* Gradiants.swift */,
				109D2FF028A2600E0008F1F1 /* Icons.swift */,
				109D2FF228A26D200008F1F1 /* Imagess.swift */,
				101E407428A7C83900DEB8C6 /* Frames.swift */,
				10A207C528A8F56C00B71536 /* BackgroundAndOverley.swift */,
				10908EC228AA432D002E71C7 /* Stacks.swift */,
				101A911628AB8929002287BA /* PaddingAndSpacer.swift */,
				101A911828AB9A66002287BA /* Spacersss.swift */,
				101A911A28ABDEF7002287BA /* Initializer.swift */,
				1012F23828AD1FB3003D1B01 /* ForEachPrint.swift */,
				1012F23A28AD2BE9003D1B01 /* ScrollViews.swift */,
				108F99C728AE55B3004481D5 /* Grids.swift */,
				107C52E028B22FCE00228F7C /* SafeAreas.swift */,
				1023E70428B3B4B800FF3B46 /* Buttons.swift */,
				1023E70628B3D1A300FF3B46 /* States.swift */,
				101A8C5D28B4CFA300687059 /* ExtractFunctions.swift */,
				101A8C6128B4E21000687059 /* ExtractSubViews.swift */,
				108CED6628B7CBDA0019B63A /* Bindings.swift */,
				10EA6BB028BB722A0051D98F /* Conditions.swift */,
				10A3E23D28C47F2C00A372CB /* AnimationTiming.swift */,
				10A3E23F28C4926F00A372CB /* Transitions.swift */,
				10177B5628CDB5070051FCA9 /* Sheets.swift */,
				10177B5828CDC8CA0051FCA9 /* PopOver.swift */,
				10177B5A28CE00230051FCA9 /* NavigationViews.swift */,
				1055135628D9C4E8000F8F7A /* Lists.swift */,
				1055135828DA0189000F8F7A /* Alerts.swift */,
				10487FCC28DAFB9300F85279 /* ActionSheets.swift */,
				10487FCE28DB272F00F85279 /* ContextMenus.swift */,
				10A493ED28E3047100E975C0 /* TextFields.swift */,
				1078702628E4396C001B03B3 /* TextEditors.swift */,
				1078702828E4466C001B03B3 /* Toggles.swift */,
				1078702A28E45FD4001B03B3 /* Pickers.swift */,
				1078702C28E46B58001B03B3 /* ColorPickers.swift */,
				10FDCC4028E59DAF00F37DE7 /* DatePickers.swift */,
				10FDCC4228E5AF1400F37DE7 /* Steppers.swift */,
				1028437028E98492000435CE /* Sliders.swift */,
				1028437228E99C83000435CE /* TabViews.swift */,
				101B9F1E28ED797400AFEB71 /* Documentations.swift */,
				109AD355290E88BB003E6520 /* Tapgestures.swift */,
				109AD357290E9393003E6520 /* Models.swift */,
				10D00881291273DC00F05FD9 /* ViewModel.swift */,
				107E59FD291789B700F9B4D9 /* EnvironmentObjects.swift */,
				107E59FF2917A9CA00F9B4D9 /* AppStorage.swift */,
				100F9BCA288415B000A6126F /* Assets.xcassets */,
				100F9BCC288415B000A6126F /* Preview Content */,
			);
			path = IntroSUI;
			sourceTree = "<group>";
		};
		100F9BCC288415B000A6126F /* Preview Content */ = {
			isa = PBXGroup;
			children = (
				100F9BCD288415B000A6126F /* Preview Assets.xcassets */,
			);
			path = "Preview Content";
			sourceTree = "<group>";
		};
/* End PBXGroup section */

/* Begin PBXNativeTarget section */
		100F9BC2288415AD00A6126F /* IntroSUI */ = {
			isa = PBXNativeTarget;
			buildConfigurationList = 100F9BD1288415B000A6126F /* Build configuration list for PBXNativeTarget "IntroSUI" */;
			buildPhases = (
				100F9BBF288415AD00A6126F /* Sources */,
				100F9BC0288415AD00A6126F /* Frameworks */,
				100F9BC1288415AD00A6126F /* Resources */,
			);
			buildRules = (
			);
			dependencies = (
			);
			name = IntroSUI;
			productName = IntroSUI;
			productReference = 100F9BC3288415AD00A6126F /* IntroSUI.app */;
			productType = "com.apple.product-type.application";
		};
/* End PBXNativeTarget section */

/* Begin PBXProject section */
		100F9BBB288415AC00A6126F /* Project object */ = {
			isa = PBXProject;
			attributes = {
				BuildIndependentTargetsInParallel = 1;
				LastSwiftUpdateCheck = 1340;
				LastUpgradeCheck = 1340;
				TargetAttributes = {
					100F9BC2288415AD00A6126F = {
						CreatedOnToolsVersion = 13.4.1;
					};
				};
			};
			buildConfigurationList = 100F9BBE288415AC00A6126F /* Build configuration list for PBXProject "IntroSUI" */;
			compatibilityVersion = "Xcode 13.0";
			developmentRegion = en;
			hasScannedForEncodings = 0;
			knownRegions = (
				en,
				Base,
			);
			mainGroup = 100F9BBA288415AC00A6126F;
			productRefGroup = 100F9BC4288415AD00A6126F /* Products */;
			projectDirPath = "";
			projectRoot = "";
			targets = (
				100F9BC2288415AD00A6126F /* IntroSUI */,
			);
		};
/* End PBXProject section */

/* Begin PBXResourcesBuildPhase section */
		100F9BC1288415AD00A6126F /* Resources */ = {
			isa = PBXResourcesBuildPhase;
			buildActionMask = 2147483647;
			files = (
				100F9BCE288415B000A6126F /* Preview Assets.xcassets in Resources */,
				100F9BCB288415B000A6126F /* Assets.xcassets in Resources */,
			);
			runOnlyForDeploymentPostprocessing = 0;
		};
/* End PBXResourcesBuildPhase section */

/* Begin PBXSourcesBuildPhase section */
		100F9BBF288415AD00A6126F /* Sources */ = {
			isa = PBXSourcesBuildPhase;
			buildActionMask = 2147483647;
			files = (
				10A207C628A8F56C00B71536 /* BackgroundAndOverley.swift in Sources */,
				108F99C828AE55B3004481D5 /* Grids.swift in Sources */,
				101B9F1F28ED797400AFEB71 /* Documentations.swift in Sources */,
				109AD356290E88BB003E6520 /* Tapgestures.swift in Sources */,
				101A911728AB8929002287BA /* PaddingAndSpacer.swift in Sources */,
				109D2FF128A2600E0008F1F1 /* Icons.swift in Sources */,
				108CED6728B7CBDA0019B63A /* Bindings.swift in Sources */,
				1078702D28E46B58001B03B3 /* ColorPickers.swift in Sources */,
				10EA6BB128BB722A0051D98F /* Conditions.swift in Sources */,
				1012F23928AD1FB3003D1B01 /* ForEachPrint.swift in Sources */,
				10177B5928CDC8CA0051FCA9 /* PopOver.swift in Sources */,
				10487FCF28DB272F00F85279 /* ContextMenus.swift in Sources */,
				1078702928E4466C001B03B3 /* Toggles.swift in Sources */,
				107E59FE291789B700F9B4D9 /* EnvironmentObjects.swift in Sources */,
				10FDCC4128E59DAF00F37DE7 /* DatePickers.swift in Sources */,
				101A911928AB9A66002287BA /* Spacersss.swift in Sources */,
				1028437328E99C83000435CE /* TabViews.swift in Sources */,
				1078702B28E45FD4001B03B3 /* Pickers.swift in Sources */,
				10908EC328AA432D002E71C7 /* Stacks.swift in Sources */,
				10FDCC4328E5AF1400F37DE7 /* Steppers.swift in Sources */,
				10A493EE28E3047100E975C0 /* TextFields.swift in Sources */,
				107C52E128B22FCE00228F7C /* SafeAreas.swift in Sources */,
				1055135928DA0189000F8F7A /* Alerts.swift in Sources */,
				1055135728D9C4E8000F8F7A /* Lists.swift in Sources */,
				109D2FF328A26D200008F1F1 /* Imagess.swift in Sources */,
				109AD358290E9393003E6520 /* Models.swift in Sources */,
				100F9BC9288415AD00A6126F /* ContentView.swift in Sources */,
				1099AB4728A1064700886DF4 /* Colors.swift in Sources */,
				1012F23B28AD2BE9003D1B01 /* ScrollViews.swift in Sources */,
				10D00882291273DC00F05FD9 /* ViewModel.swift in Sources */,
				10A3E24028C4926F00A372CB /* Transitions.swift in Sources */,
				101A911B28ABDEF7002287BA /* Initializer.swift in Sources */,
				100F9BC7288415AD00A6126F /* IntroSUIApp.swift in Sources */,
				107E5A002917A9CA00F9B4D9 /* AppStorage.swift in Sources */,
				1078702728E4396C001B03B3 /* TextEditors.swift in Sources */,
				101E407528A7C83900DEB8C6 /* Frames.swift in Sources */,
				1023E70728B3D1A300FF3B46 /* States.swift in Sources */,
				10A3E23E28C47F2C00A372CB /* AnimationTiming.swift in Sources */,
				10487FCD28DAFB9300F85279 /* ActionSheets.swift in Sources */,
				109D2FEF28A253CE0008F1F1 /* Gradiants.swift in Sources */,
				1028437128E98492000435CE /* Sliders.swift in Sources */,
				1023E70528B3B4B800FF3B46 /* Buttons.swift in Sources */,
				10ED7AD2289933F200096234 /* SwiftUIView.swift in Sources */,
				10177B5B28CE00230051FCA9 /* NavigationViews.swift in Sources */,
				101A8C6228B4E21000687059 /* ExtractSubViews.swift in Sources */,
				10ED7AD42899488900096234 /* Shapes.swift in Sources */,
				10177B5728CDB5070051FCA9 /* Sheets.swift in Sources */,
				101A8C5E28B4CFA300687059 /* ExtractFunctions.swift in Sources */,
			);
			runOnlyForDeploymentPostprocessing = 0;
		};
/* End PBXSourcesBuildPhase section */

/* Begin XCBuildConfiguration section */
		100F9BCF288415B000A6126F /* Debug */ = {
			isa = XCBuildConfiguration;
			buildSettings = {
				ALWAYS_SEARCH_USER_PATHS = NO;
				CLANG_ANALYZER_NONNULL = YES;
				CLANG_ANALYZER_NUMBER_OBJECT_CONVERSION = YES_AGGRESSIVE;
				CLANG_CXX_LANGUAGE_STANDARD = "gnu++17";
				CLANG_ENABLE_MODULES = YES;
				CLANG_ENABLE_OBJC_ARC = YES;
				CLANG_ENABLE_OBJC_WEAK = YES;
				CLANG_WARN_BLOCK_CAPTURE_AUTORELEASING = YES;
				CLANG_WARN_BOOL_CONVERSION = YES;
				CLANG_WARN_COMMA = YES;
				CLANG_WARN_CONSTANT_CONVERSION = YES;
				CLANG_WARN_DEPRECATED_OBJC_IMPLEMENTATIONS = YES;
				CLANG_WARN_DIRECT_OBJC_ISA_USAGE = YES_ERROR;
				CLANG_WARN_DOCUMENTATION_COMMENTS = YES;
				CLANG_WARN_EMPTY_BODY = YES;
				CLANG_WARN_ENUM_CONVERSION = YES;
				CLANG_WARN_INFINITE_RECURSION = YES;
				CLANG_WARN_INT_CONVERSION = YES;
				CLANG_WARN_NON_LITERAL_NULL_CONVERSION = YES;
				CLANG_WARN_OBJC_IMPLICIT_RETAIN_SELF = YES;
				CLANG_WARN_OBJC_LITERAL_CONVERSION = YES;
				CLANG_WARN_OBJC_ROOT_CLASS = YES_ERROR;
				CLANG_WARN_QUOTED_INCLUDE_IN_FRAMEWORK_HEADER = YES;
				CLANG_WARN_RANGE_LOOP_ANALYSIS = YES;
				CLANG_WARN_STRICT_PROTOTYPES = YES;
				CLANG_WARN_SUSPICIOUS_MOVE = YES;
				CLANG_WARN_UNGUARDED_AVAILABILITY = YES_AGGRESSIVE;
				CLANG_WARN_UNREACHABLE_CODE = YES;
				CLANG_WARN__DUPLICATE_METHOD_MATCH = YES;
				COPY_PHASE_STRIP = NO;
				DEBUG_INFORMATION_FORMAT = dwarf;
				ENABLE_STRICT_OBJC_MSGSEND = YES;
				ENABLE_TESTABILITY = YES;
				GCC_C_LANGUAGE_STANDARD = gnu11;
				GCC_DYNAMIC_NO_PIC = NO;
				GCC_NO_COMMON_BLOCKS = YES;
				GCC_OPTIMIZATION_LEVEL = 0;
				GCC_PREPROCESSOR_DEFINITIONS = (
					"DEBUG=1",
					"$(inherited)",
				);
				GCC_WARN_64_TO_32_BIT_CONVERSION = YES;
				GCC_WARN_ABOUT_RETURN_TYPE = YES_ERROR;
				GCC_WARN_UNDECLARED_SELECTOR = YES;
				GCC_WARN_UNINITIALIZED_AUTOS = YES_AGGRESSIVE;
				GCC_WARN_UNUSED_FUNCTION = YES;
				GCC_WARN_UNUSED_VARIABLE = YES;
				IPHONEOS_DEPLOYMENT_TARGET = 15.5;
				MTL_ENABLE_DEBUG_INFO = INCLUDE_SOURCE;
				MTL_FAST_MATH = YES;
				ONLY_ACTIVE_ARCH = YES;
				SDKROOT = iphoneos;
				SWIFT_ACTIVE_COMPILATION_CONDITIONS = DEBUG;
				SWIFT_OPTIMIZATION_LEVEL = "-Onone";
			};
			name = Debug;
		};
		100F9BD0288415B000A6126F /* Release */ = {
			isa = XCBuildConfiguration;
			buildSettings = {
				ALWAYS_SEARCH_USER_PATHS = NO;
				CLANG_ANALYZER_NONNULL = YES;
				CLANG_ANALYZER_NUMBER_OBJECT_CONVERSION = YES_AGGRESSIVE;
				CLANG_CXX_LANGUAGE_STANDARD = "gnu++17";
				CLANG_ENABLE_MODULES = YES;
				CLANG_ENABLE_OBJC_ARC = YES;
				CLANG_ENABLE_OBJC_WEAK = YES;
				CLANG_WARN_BLOCK_CAPTURE_AUTORELEASING = YES;
				CLANG_WARN_BOOL_CONVERSION = YES;
				CLANG_WARN_COMMA = YES;
				CLANG_WARN_CONSTANT_CONVERSION = YES;
				CLANG_WARN_DEPRECATED_OBJC_IMPLEMENTATIONS = YES;
				CLANG_WARN_DIRECT_OBJC_ISA_USAGE = YES_ERROR;
				CLANG_WARN_DOCUMENTATION_COMMENTS = YES;
				CLANG_WARN_EMPTY_BODY = YES;
				CLANG_WARN_ENUM_CONVERSION = YES;
				CLANG_WARN_INFINITE_RECURSION = YES;
				CLANG_WARN_INT_CONVERSION = YES;
				CLANG_WARN_NON_LITERAL_NULL_CONVERSION = YES;
				CLANG_WARN_OBJC_IMPLICIT_RETAIN_SELF = YES;
				CLANG_WARN_OBJC_LITERAL_CONVERSION = YES;
				CLANG_WARN_OBJC_ROOT_CLASS = YES_ERROR;
				CLANG_WARN_QUOTED_INCLUDE_IN_FRAMEWORK_HEADER = YES;
				CLANG_WARN_RANGE_LOOP_ANALYSIS = YES;
				CLANG_WARN_STRICT_PROTOTYPES = YES;
				CLANG_WARN_SUSPICIOUS_MOVE = YES;
				CLANG_WARN_UNGUARDED_AVAILABILITY = YES_AGGRESSIVE;
				CLANG_WARN_UNREACHABLE_CODE = YES;
				CLANG_WARN__DUPLICATE_METHOD_MATCH = YES;
				COPY_PHASE_STRIP = NO;
				DEBUG_INFORMATION_FORMAT = "dwarf-with-dsym";
				ENABLE_NS_ASSERTIONS = NO;
				ENABLE_STRICT_OBJC_MSGSEND = YES;
				GCC_C_LANGUAGE_STANDARD = gnu11;
				GCC_NO_COMMON_BLOCKS = YES;
				GCC_WARN_64_TO_32_BIT_CONVERSION = YES;
				GCC_WARN_ABOUT_RETURN_TYPE = YES_ERROR;
				GCC_WARN_UNDECLARED_SELECTOR = YES;
				GCC_WARN_UNINITIALIZED_AUTOS = YES_AGGRESSIVE;
				GCC_WARN_UNUSED_FUNCTION = YES;
				GCC_WARN_UNUSED_VARIABLE = YES;
				IPHONEOS_DEPLOYMENT_TARGET = 15.5;
				MTL_ENABLE_DEBUG_INFO = NO;
				MTL_FAST_MATH = YES;
				SDKROOT = iphoneos;
				SWIFT_COMPILATION_MODE = wholemodule;
				SWIFT_OPTIMIZATION_LEVEL = "-O";
				VALIDATE_PRODUCT = YES;
			};
			name = Release;
		};
		100F9BD2288415B000A6126F /* Debug */ = {
			isa = XCBuildConfiguration;
			buildSettings = {
				ASSETCATALOG_COMPILER_APPICON_NAME = AppIcon;
				ASSETCATALOG_COMPILER_GLOBAL_ACCENT_COLOR_NAME = AccentColor;
				CODE_SIGN_STYLE = Automatic;
				CURRENT_PROJECT_VERSION = 1;
				DEVELOPMENT_ASSET_PATHS = "\"IntroSUI/Preview Content\"";
				DEVELOPMENT_TEAM = SX24LRJWGD;
				ENABLE_PREVIEWS = YES;
				GENERATE_INFOPLIST_FILE = YES;
				INFOPLIST_KEY_UIApplicationSceneManifest_Generation = YES;
				INFOPLIST_KEY_UIApplicationSupportsIndirectInputEvents = YES;
				INFOPLIST_KEY_UILaunchScreen_Generation = YES;
				INFOPLIST_KEY_UISupportedInterfaceOrientations_iPad = "UIInterfaceOrientationPortrait UIInterfaceOrientationPortraitUpsideDown UIInterfaceOrientationLandscapeLeft UIInterfaceOrientationLandscapeRight";
				INFOPLIST_KEY_UISupportedInterfaceOrientations_iPhone = "UIInterfaceOrientationPortrait UIInterfaceOrientationLandscapeLeft UIInterfaceOrientationLandscapeRight";
				IPHONEOS_DEPLOYMENT_TARGET = 15.5;
				LD_RUNPATH_SEARCH_PATHS = (
					"$(inherited)",
					"@executable_path/Frameworks",
				);
				MARKETING_VERSION = 1.0;
				PRODUCT_BUNDLE_IDENTIFIER = ArpuSquare.IntroSUI;
				PRODUCT_NAME = "$(TARGET_NAME)";
				SWIFT_EMIT_LOC_STRINGS = YES;
				SWIFT_VERSION = 5.0;
				TARGETED_DEVICE_FAMILY = "1,2";
			};
			name = Debug;
		};
		100F9BD3288415B000A6126F /* Release */ = {
			isa = XCBuildConfiguration;
			buildSettings = {
				ASSETCATALOG_COMPILER_APPICON_NAME = AppIcon;
				ASSETCATALOG_COMPILER_GLOBAL_ACCENT_COLOR_NAME = AccentColor;
				CODE_SIGN_STYLE = Automatic;
				CURRENT_PROJECT_VERSION = 1;
				DEVELOPMENT_ASSET_PATHS = "\"IntroSUI/Preview Content\"";
				DEVELOPMENT_TEAM = SX24LRJWGD;
				ENABLE_PREVIEWS = YES;
				GENERATE_INFOPLIST_FILE = YES;
				INFOPLIST_KEY_UIApplicationSceneManifest_Generation = YES;
				INFOPLIST_KEY_UIApplicationSupportsIndirectInputEvents = YES;
				INFOPLIST_KEY_UILaunchScreen_Generation = YES;
				INFOPLIST_KEY_UISupportedInterfaceOrientations_iPad = "UIInterfaceOrientationPortrait UIInterfaceOrientationPortraitUpsideDown UIInterfaceOrientationLandscapeLeft UIInterfaceOrientationLandscapeRight";
				INFOPLIST_KEY_UISupportedInterfaceOrientations_iPhone = "UIInterfaceOrientationPortrait UIInterfaceOrientationLandscapeLeft UIInterfaceOrientationLandscapeRight";
				IPHONEOS_DEPLOYMENT_TARGET = 15.5;
				LD_RUNPATH_SEARCH_PATHS = (
					"$(inherited)",
					"@executable_path/Frameworks",
				);
				MARKETING_VERSION = 1.0;
				PRODUCT_BUNDLE_IDENTIFIER = ArpuSquare.IntroSUI;
				PRODUCT_NAME = "$(TARGET_NAME)";
				SWIFT_EMIT_LOC_STRINGS = YES;
				SWIFT_VERSION = 5.0;
				TARGETED_DEVICE_FAMILY = "1,2";
			};
			name = Release;
		};
/* End XCBuildConfiguration section */

/* Begin XCConfigurationList section */
		100F9BBE288415AC00A6126F /* Build configuration list for PBXProject "IntroSUI" */ = {
			isa = XCConfigurationList;
			buildConfigurations = (
				100F9BCF288415B000A6126F /* Debug */,
				100F9BD0288415B000A6126F /* Release */,
			);
			defaultConfigurationIsVisible = 0;
			defaultConfigurationName = Release;
		};
		100F9BD1288415B000A6126F /* Build configuration list for PBXNativeTarget "IntroSUI" */ = {
			isa = XCConfigurationList;
			buildConfigurations = (
				100F9BD2288415B000A6126F /* Debug */,
				100F9BD3288415B000A6126F /* Release */,
			);
			defaultConfigurationIsVisible = 0;
			defaultConfigurationName = Release;
		};
/* End XCConfigurationList section */
	};
	rootObject = 100F9BBB288415AC00A6126F /* Project object */;
}
